// !$*UTF8*$!
{
	archiveVersion = 1;
	classes = {
	};
	objectVersion = 46;
	objects = {

/* Begin PBXBuildFile section */
		51136AA2DBD60DAC134C0C8F /* Pods_test91.framework in Frameworks */ = {isa = PBXBuildFile; fileRef = 2B14DD9660DFADF1EEA50AF7 /* Pods_test91.framework */; settings = {ATTRIBUTES = (Weak, ); }; };
		E47470011ADED0F400A06941 /* AppDelegate.swift in Sources */ = {isa = PBXBuildFile; fileRef = E47470001ADED0F400A06941 /* AppDelegate.swift */; };
		E47470031ADED0F400A06941 /* ViewController.swift in Sources */ = {isa = PBXBuildFile; fileRef = E47470021ADED0F400A06941 /* ViewController.swift */; };
		E47470061ADED0F400A06941 /* Main.storyboard in Resources */ = {isa = PBXBuildFile; fileRef = E47470041ADED0F400A06941 /* Main.storyboard */; };
		E47470081ADED0F400A06941 /* Images.xcassets in Resources */ = {isa = PBXBuildFile; fileRef = E47470071ADED0F400A06941 /* Images.xcassets */; };
		E474700B1ADED0F400A06941 /* LaunchScreen.xib in Resources */ = {isa = PBXBuildFile; fileRef = E47470091ADED0F400A06941 /* LaunchScreen.xib */; };
		E47470171ADED0F400A06941 /* test91Tests.swift in Sources */ = {isa = PBXBuildFile; fileRef = E47470161ADED0F400A06941 /* test91Tests.swift */; };
/* End PBXBuildFile section */

/* Begin PBXContainerItemProxy section */
		E47470111ADED0F400A06941 /* PBXContainerItemProxy */ = {
			isa = PBXContainerItemProxy;
			containerPortal = E4746FF31ADED0F400A06941 /* Project object */;
			proxyType = 1;
			remoteGlobalIDString = E4746FFA1ADED0F400A06941;
			remoteInfo = test91;
		};
/* End PBXContainerItemProxy section */

/* Begin PBXFileReference section */
		2B14DD9660DFADF1EEA50AF7 /* Pods_test91.framework */ = {isa = PBXFileReference; explicitFileType = wrapper.framework; includeInIndex = 0; path = Pods_test91.framework; sourceTree = BUILT_PRODUCTS_DIR; };
		9AD2DC02AC73710DBDF224FC /* Pods-test91.release.xcconfig */ = {isa = PBXFileReference; includeInIndex = 1; lastKnownFileType = text.xcconfig; name = "Pods-test91.release.xcconfig"; path = "Pods/Target Support Files/Pods-test91/Pods-test91.release.xcconfig"; sourceTree = "<group>"; };
		A45DB0D8F0E9B1939648118B /* Pods-test91.debug.xcconfig */ = {isa = PBXFileReference; includeInIndex = 1; lastKnownFileType = text.xcconfig; name = "Pods-test91.debug.xcconfig"; path = "Pods/Target Support Files/Pods-test91/Pods-test91.debug.xcconfig"; sourceTree = "<group>"; };
		E4746FFB1ADED0F400A06941 /* test91.app */ = {isa = PBXFileReference; explicitFileType = wrapper.application; includeInIndex = 0; path = test91.app; sourceTree = BUILT_PRODUCTS_DIR; };
		E4746FFF1ADED0F400A06941 /* Info.plist */ = {isa = PBXFileReference; lastKnownFileType = text.plist.xml; path = Info.plist; sourceTree = "<group>"; };
		E47470001ADED0F400A06941 /* AppDelegate.swift */ = {isa = PBXFileReference; lastKnownFileType = sourcecode.swift; path = AppDelegate.swift; sourceTree = "<group>"; };
		E47470021ADED0F400A06941 /* ViewController.swift */ = {isa = PBXFileReference; lastKnownFileType = sourcecode.swift; path = ViewController.swift; sourceTree = "<group>"; };
		E47470051ADED0F400A06941 /* Base */ = {isa = PBXFileReference; lastKnownFileType = file.storyboard; name = Base; path = Base.lproj/Main.storyboard; sourceTree = "<group>"; };
		E47470071ADED0F400A06941 /* Images.xcassets */ = {isa = PBXFileReference; lastKnownFileType = folder.assetcatalog; path = Images.xcassets; sourceTree = "<group>"; };
		E474700A1ADED0F400A06941 /* Base */ = {isa = PBXFileReference; lastKnownFileType = file.xib; name = Base; path = Base.lproj/LaunchScreen.xib; sourceTree = "<group>"; };
		E47470101ADED0F400A06941 /* test91Tests.xctest */ = {isa = PBXFileReference; explicitFileType = wrapper.cfbundle; includeInIndex = 0; path = test91Tests.xctest; sourceTree = BUILT_PRODUCTS_DIR; };
		E47470151ADED0F400A06941 /* Info.plist */ = {isa = PBXFileReference; lastKnownFileType = text.plist.xml; path = Info.plist; sourceTree = "<group>"; };
		E47470161ADED0F400A06941 /* test91Tests.swift */ = {isa = PBXFileReference; lastKnownFileType = sourcecode.swift; path = test91Tests.swift; sourceTree = "<group>"; };
/* End PBXFileReference section */

/* Begin PBXFrameworksBuildPhase section */
		E4746FF81ADED0F400A06941 /* Frameworks */ = {
			isa = PBXFrameworksBuildPhase;
			buildActionMask = 2147483647;
			files = (
				51136AA2DBD60DAC134C0C8F /* Pods_test91.framework in Frameworks */,
			);
			runOnlyForDeploymentPostprocessing = 0;
		};
		E474700D1ADED0F400A06941 /* Frameworks */ = {
			isa = PBXFrameworksBuildPhase;
			buildActionMask = 2147483647;
			files = (
			);
			runOnlyForDeploymentPostprocessing = 0;
		};
/* End PBXFrameworksBuildPhase section */

/* Begin PBXGroup section */
		3E5F81451DA1C91C4D315B73 /* Pods */ = {
			isa = PBXGroup;
			children = (
				A45DB0D8F0E9B1939648118B /* Pods-test91.debug.xcconfig */,
				9AD2DC02AC73710DBDF224FC /* Pods-test91.release.xcconfig */,
			);
			name = Pods;
			sourceTree = "<group>";
		};
		8C7080A72CAA6884572CE5D0 /* Frameworks */ = {
			isa = PBXGroup;
			children = (
				2B14DD9660DFADF1EEA50AF7 /* Pods_test91.framework */,
			);
			name = Frameworks;
			sourceTree = "<group>";
		};
		E4746FF21ADED0F400A06941 = {
			isa = PBXGroup;
			children = (
				E4746FFD1ADED0F400A06941 /* test91 */,
				E47470131ADED0F400A06941 /* test91Tests */,
				E4746FFC1ADED0F400A06941 /* Products */,
				3E5F81451DA1C91C4D315B73 /* Pods */,
				8C7080A72CAA6884572CE5D0 /* Frameworks */,
			);
			sourceTree = "<group>";
		};
		E4746FFC1ADED0F400A06941 /* Products */ = {
			isa = PBXGroup;
			children = (
				E4746FFB1ADED0F400A06941 /* test91.app */,
				E47470101ADED0F400A06941 /* test91Tests.xctest */,
			);
			name = Products;
			sourceTree = "<group>";
		};
		E4746FFD1ADED0F400A06941 /* test91 */ = {
			isa = PBXGroup;
			children = (
				E47470001ADED0F400A06941 /* AppDelegate.swift */,
				E47470021ADED0F400A06941 /* ViewController.swift */,
				E47470041ADED0F400A06941 /* Main.storyboard */,
				E47470071ADED0F400A06941 /* Images.xcassets */,
				E47470091ADED0F400A06941 /* LaunchScreen.xib */,
				E4746FFE1ADED0F400A06941 /* Supporting Files */,
			);
			path = test91;
			sourceTree = "<group>";
		};
		E4746FFE1ADED0F400A06941 /* Supporting Files */ = {
			isa = PBXGroup;
			children = (
				E4746FFF1ADED0F400A06941 /* Info.plist */,
			);
			name = "Supporting Files";
			sourceTree = "<group>";
		};
		E47470131ADED0F400A06941 /* test91Tests */ = {
			isa = PBXGroup;
			children = (
				E47470161ADED0F400A06941 /* test91Tests.swift */,
				E47470141ADED0F400A06941 /* Supporting Files */,
			);
			path = test91Tests;
			sourceTree = "<group>";
		};
		E47470141ADED0F400A06941 /* Supporting Files */ = {
			isa = PBXGroup;
			children = (
				E47470151ADED0F400A06941 /* Info.plist */,
			);
			name = "Supporting Files";
			sourceTree = "<group>";
		};
/* End PBXGroup section */

/* Begin PBXNativeTarget section */
		E4746FFA1ADED0F400A06941 /* test91 */ = {
			isa = PBXNativeTarget;
			buildConfigurationList = E474701A1ADED0F400A06941 /* Build configuration list for PBXNativeTarget "test91" */;
			buildPhases = (
				021519441772A412EFAE435C /* Check Pods Manifest.lock */,
				E4746FF71ADED0F400A06941 /* Sources */,
				E4746FF81ADED0F400A06941 /* Frameworks */,
				E4746FF91ADED0F400A06941 /* Resources */,
				358CC3203E515839A49884FC /* Embed Pods Frameworks */,
				170CE7B3AF4C4DB40388DBAD /* Copy Pods Resources */,
			);
			buildRules = (
			);
			dependencies = (
			);
			name = test91;
			productName = test91;
			productReference = E4746FFB1ADED0F400A06941 /* test91.app */;
			productType = "com.apple.product-type.application";
		};
		E474700F1ADED0F400A06941 /* test91Tests */ = {
			isa = PBXNativeTarget;
			buildConfigurationList = E474701D1ADED0F400A06941 /* Build configuration list for PBXNativeTarget "test91Tests" */;
			buildPhases = (
				E474700C1ADED0F400A06941 /* Sources */,
				E474700D1ADED0F400A06941 /* Frameworks */,
				E474700E1ADED0F400A06941 /* Resources */,
			);
			buildRules = (
			);
			dependencies = (
				E47470121ADED0F400A06941 /* PBXTargetDependency */,
			);
			name = test91Tests;
			productName = test91Tests;
			productReference = E47470101ADED0F400A06941 /* test91Tests.xctest */;
			productType = "com.apple.product-type.bundle.unit-test";
		};
/* End PBXNativeTarget section */

/* Begin PBXProject section */
		E4746FF31ADED0F400A06941 /* Project object */ = {
			isa = PBXProject;
			attributes = {
				LastUpgradeCheck = 0630;
				ORGANIZATIONNAME = Honor;
				TargetAttributes = {
					E4746FFA1ADED0F400A06941 = {
						CreatedOnToolsVersion = 6.3;
						DevelopmentTeam = 97PS9V5455;
					};
					E474700F1ADED0F400A06941 = {
						CreatedOnToolsVersion = 6.3;
						TestTargetID = E4746FFA1ADED0F400A06941;
					};
				};
			};
			buildConfigurationList = E4746FF61ADED0F400A06941 /* Build configuration list for PBXProject "test91" */;
			compatibilityVersion = "Xcode 3.2";
			developmentRegion = English;
			hasScannedForEncodings = 0;
			knownRegions = (
				en,
				Base,
			);
			mainGroup = E4746FF21ADED0F400A06941;
			productRefGroup = E4746FFC1ADED0F400A06941 /* Products */;
			projectDirPath = "";
			projectRoot = "";
			targets = (
				E4746FFA1ADED0F400A06941 /* test91 */,
				E474700F1ADED0F400A06941 /* test91Tests */,
			);
		};
/* End PBXProject section */

/* Begin PBXResourcesBuildPhase section */
		E4746FF91ADED0F400A06941 /* Resources */ = {
			isa = PBXResourcesBuildPhase;
			buildActionMask = 2147483647;
			files = (
				E47470061ADED0F400A06941 /* Main.storyboard in Resources */,
				E474700B1ADED0F400A06941 /* LaunchScreen.xib in Resources */,
				E47470081ADED0F400A06941 /* Images.xcassets in Resources */,
			);
			runOnlyForDeploymentPostprocessing = 0;
		};
		E474700E1ADED0F400A06941 /* Resources */ = {
			isa = PBXResourcesBuildPhase;
			buildActionMask = 2147483647;
			files = (
			);
			runOnlyForDeploymentPostprocessing = 0;
		};
/* End PBXResourcesBuildPhase section */

/* Begin PBXShellScriptBuildPhase section */
		021519441772A412EFAE435C /* Check Pods Manifest.lock */ = {
			isa = PBXShellScriptBuildPhase;
			buildActionMask = 2147483647;
			files = (
			);
			inputPaths = (
			);
			name = "Check Pods Manifest.lock";
			outputPaths = (
			);
			runOnlyForDeploymentPostprocessing = 0;
			shellPath = /bin/sh;
			shellScript = "diff \"${PODS_ROOT}/../Podfile.lock\" \"${PODS_ROOT}/Manifest.lock\" > /dev/null\nif [[ $? != 0 ]] ; then\n    cat << EOM\nerror: The sandbox is not in sync with the Podfile.lock. Run 'pod install' or update your CocoaPods installation.\nEOM\n    exit 1\nfi\n";
			showEnvVarsInLog = 0;
		};
		170CE7B3AF4C4DB40388DBAD /* Copy Pods Resources */ = {
			isa = PBXShellScriptBuildPhase;
			buildActionMask = 2147483647;
			files = (
			);
			inputPaths = (
			);
			name = "Copy Pods Resources";
			outputPaths = (
			);
			runOnlyForDeploymentPostprocessing = 0;
			shellPath = /bin/sh;
			shellScript = "\"${SRCROOT}/Pods/Target Support Files/Pods-test91/Pods-test91-resources.sh\"\n";
			showEnvVarsInLog = 0;
		};
		358CC3203E515839A49884FC /* Embed Pods Frameworks */ = {
			isa = PBXShellScriptBuildPhase;
			buildActionMask = 2147483647;
			files = (
			);
			inputPaths = (
			);
			name = "Embed Pods Frameworks";
			outputPaths = (
			);
			runOnlyForDeploymentPostprocessing = 0;
			shellPath = /bin/sh;
			shellScript = "\"${SRCROOT}/Pods/Target Support Files/Pods-test91/Pods-test91-frameworks.sh\"\n";
			showEnvVarsInLog = 0;
		};
/* End PBXShellScriptBuildPhase section */

/* Begin PBXSourcesBuildPhase section */
		E4746FF71ADED0F400A06941 /* Sources */ = {
			isa = PBXSourcesBuildPhase;
			buildActionMask = 2147483647;
			files = (
				E47470031ADED0F400A06941 /* ViewController.swift in Sources */,
				E47470011ADED0F400A06941 /* AppDelegate.swift in Sources */,
			);
			runOnlyForDeploymentPostprocessing = 0;
		};
		E474700C1ADED0F400A06941 /* Sources */ = {
			isa = PBXSourcesBuildPhase;
			buildActionMask = 2147483647;
			files = (
				E47470171ADED0F400A06941 /* test91Tests.swift in Sources */,
			);
			runOnlyForDeploymentPostprocessing = 0;
		};
/* End PBXSourcesBuildPhase section */

/* Begin PBXTargetDependency section */
		E47470121ADED0F400A06941 /* PBXTargetDependency */ = {
			isa = PBXTargetDependency;
			target = E4746FFA1ADED0F400A06941 /* test91 */;
			targetProxy = E47470111ADED0F400A06941 /* PBXContainerItemProxy */;
		};
/* End PBXTargetDependency section */

/* Begin PBXVariantGroup section */
		E47470041ADED0F400A06941 /* Main.storyboard */ = {
			isa = PBXVariantGroup;
			children = (
				E47470051ADED0F400A06941 /* Base */,
			);
			name = Main.storyboard;
			sourceTree = "<group>";
		};
		E47470091ADED0F400A06941 /* LaunchScreen.xib */ = {
			isa = PBXVariantGroup;
			children = (
				E474700A1ADED0F400A06941 /* Base */,
			);
			name = LaunchScreen.xib;
			sourceTree = "<group>";
		};
/* End PBXVariantGroup section */

/* Begin XCBuildConfiguration section */
		E47470181ADED0F400A06941 /* Debug */ = {
			isa = XCBuildConfiguration;
			buildSettings = {
				ALWAYS_SEARCH_USER_PATHS = NO;
				CLANG_CXX_LANGUAGE_STANDARD = "gnu++0x";
				CLANG_CXX_LIBRARY = "libc++";
				CLANG_ENABLE_MODULES = YES;
				CLANG_ENABLE_OBJC_ARC = YES;
				CLANG_WARN_BOOL_CONVERSION = YES;
				CLANG_WARN_CONSTANT_CONVERSION = YES;
				CLANG_WARN_DIRECT_OBJC_ISA_USAGE = YES_ERROR;
				CLANG_WARN_EMPTY_BODY = YES;
				CLANG_WARN_ENUM_CONVERSION = YES;
				CLANG_WARN_INT_CONVERSION = YES;
				CLANG_WARN_OBJC_ROOT_CLASS = YES_ERROR;
				CLANG_WARN_UNREACHABLE_CODE = YES;
				CLANG_WARN__DUPLICATE_METHOD_MATCH = YES;
				"CODE_SIGN_IDENTITY[sdk=iphoneos*]" = "iPhone Developer";
				COPY_PHASE_STRIP = NO;
				DEBUG_INFORMATION_FORMAT = "dwarf-with-dsym";
				ENABLE_STRICT_OBJC_MSGSEND = YES;
				GCC_C_LANGUAGE_STANDARD = gnu99;
				GCC_DYNAMIC_NO_PIC = NO;
				GCC_NO_COMMON_BLOCKS = YES;
				GCC_OPTIMIZATION_LEVEL = 0;
				GCC_PREPROCESSOR_DEFINITIONS = (
					"DEBUG=1",
					"$(inherited)",
				);
				GCC_SYMBOLS_PRIVATE_EXTERN = NO;
				GCC_WARN_64_TO_32_BIT_CONVERSION = YES;
				GCC_WARN_ABOUT_RETURN_TYPE = YES_ERROR;
				GCC_WARN_UNDECLARED_SELECTOR = YES;
				GCC_WARN_UNINITIALIZED_AUTOS = YES_AGGRESSIVE;
				GCC_WARN_UNUSED_FUNCTION = YES;
				GCC_WARN_UNUSED_VARIABLE = YES;
				IPHONEOS_DEPLOYMENT_TARGET = 8.3;
				MTL_ENABLE_DEBUG_INFO = YES;
				ONLY_ACTIVE_ARCH = YES;
				SDKROOT = iphoneos;
				SWIFT_OPTIMIZATION_LEVEL = "-Onone";
			};
			name = Debug;
		};
		E47470191ADED0F400A06941 /* Release */ = {
			isa = XCBuildConfiguration;
			buildSettings = {
				ALWAYS_SEARCH_USER_PATHS = NO;
				CLANG_CXX_LANGUAGE_STANDARD = "gnu++0x";
				CLANG_CXX_LIBRARY = "libc++";
				CLANG_ENABLE_MODULES = YES;
				CLANG_ENABLE_OBJC_ARC = YES;
				CLANG_WARN_BOOL_CONVERSION = YES;
				CLANG_WARN_CONSTANT_CONVERSION = YES;
				CLANG_WARN_DIRECT_OBJC_ISA_USAGE = YES_ERROR;
				CLANG_WARN_EMPTY_BODY = YES;
				CLANG_WARN_ENUM_CONVERSION = YES;
				CLANG_WARN_INT_CONVERSION = YES;
				CLANG_WARN_OBJC_ROOT_CLASS = YES_ERROR;
				CLANG_WARN_UNREACHABLE_CODE = YES;
				CLANG_WARN__DUPLICATE_METHOD_MATCH = YES;
				"CODE_SIGN_IDENTITY[sdk=iphoneos*]" = "iPhone Developer";
				COPY_PHASE_STRIP = NO;
				DEBUG_INFORMATION_FORMAT = "dwarf-with-dsym";
				ENABLE_NS_ASSERTIONS = NO;
				ENABLE_STRICT_OBJC_MSGSEND = YES;
				GCC_C_LANGUAGE_STANDARD = gnu99;
				GCC_NO_COMMON_BLOCKS = YES;
				GCC_WARN_64_TO_32_BIT_CONVERSION = YES;
				GCC_WARN_ABOUT_RETURN_TYPE = YES_ERROR;
				GCC_WARN_UNDECLARED_SELECTOR = YES;
				GCC_WARN_UNINITIALIZED_AUTOS = YES_AGGRESSIVE;
				GCC_WARN_UNUSED_FUNCTION = YES;
				GCC_WARN_UNUSED_VARIABLE = YES;
				IPHONEOS_DEPLOYMENT_TARGET = 8.3;
				MTL_ENABLE_DEBUG_INFO = NO;
				SDKROOT = iphoneos;
				VALIDATE_PRODUCT = YES;
			};
			name = Release;
		};
		E474701B1ADED0F400A06941 /* Debug */ = {
			isa = XCBuildConfiguration;
			baseConfigurationReference = A45DB0D8F0E9B1939648118B /* Pods-test91.debug.xcconfig */;
			buildSettings = {
				ASSETCATALOG_COMPILER_APPICON_NAME = AppIcon;
				CODE_SIGN_IDENTITY = "iPhone Developer";
				"CODE_SIGN_IDENTITY[sdk=iphoneos*]" = "iPhone Developer";
				INFOPLIST_FILE = test91/Info.plist;
				LD_RUNPATH_SEARCH_PATHS = "$(inherited) @executable_path/Frameworks";
				PRODUCT_NAME = "$(TARGET_NAME)";
				PROVISIONING_PROFILE = "";
			};
			name = Debug;
		};
		E474701C1ADED0F400A06941 /* Release */ = {
			isa = XCBuildConfiguration;
			baseConfigurationReference = 9AD2DC02AC73710DBDF224FC /* Pods-test91.release.xcconfig */;
			buildSettings = {
				ASSETCATALOG_COMPILER_APPICON_NAME = AppIcon;
				CODE_SIGN_IDENTITY = "iPhone Developer";
				"CODE_SIGN_IDENTITY[sdk=iphoneos*]" = "iPhone Developer";
				INFOPLIST_FILE = test91/Info.plist;
				LD_RUNPATH_SEARCH_PATHS = "$(inherited) @executable_path/Frameworks";
				PRODUCT_NAME = "$(TARGET_NAME)";
				PROVISIONING_PROFILE = "";
			};
			name = Release;
		};
		E474701E1ADED0F400A06941 /* Debug */ = {
			isa = XCBuildConfiguration;
			buildSettings = {
				BUNDLE_LOADER = "$(TEST_HOST)";
				FRAMEWORK_SEARCH_PATHS = (
					"$(SDKROOT)/Developer/Library/Frameworks",
					"$(inherited)",
				);
				GCC_PREPROCESSOR_DEFINITIONS = (
					"DEBUG=1",
					"$(inherited)",
				);
				INFOPLIST_FILE = test91Tests/Info.plist;
				LD_RUNPATH_SEARCH_PATHS = "$(inherited) @executable_path/Frameworks @loader_path/Frameworks";
				PRODUCT_NAME = "$(TARGET_NAME)";
				TEST_HOST = "$(BUILT_PRODUCTS_DIR)/test91.app/test91";
			};
			name = Debug;
		};
		E474701F1ADED0F400A06941 /* Release */ = {
			isa = XCBuildConfiguration;
			buildSettings = {
				BUNDLE_LOADER = "$(TEST_HOST)";
				FRAMEWORK_SEARCH_PATHS = (
					"$(SDKROOT)/Developer/Library/Frameworks",
					"$(inherited)",
				);
				INFOPLIST_FILE = test91Tests/Info.plist;
				LD_RUNPATH_SEARCH_PATHS = "$(inherited) @executable_path/Frameworks @loader_path/Frameworks";
				PRODUCT_NAME = "$(TARGET_NAME)";
				TEST_HOST = "$(BUILT_PRODUCTS_DIR)/test91.app/test91";
			};
			name = Release;
		};
/* End XCBuildConfiguration section */

/* Begin XCConfigurationList section */
		E4746FF61ADED0F400A06941 /* Build configuration list for PBXProject "test91" */ = {
			isa = XCConfigurationList;
			buildConfigurations = (
				E47470181ADED0F400A06941 /* Debug */,
				E47470191ADED0F400A06941 /* Release */,
			);
			defaultConfigurationIsVisible = 0;
			defaultConfigurationName = Release;
		};
		E474701A1ADED0F400A06941 /* Build configuration list for PBXNativeTarget "test91" */ = {
			isa = XCConfigurationList;
			buildConfigurations = (
				E474701B1ADED0F400A06941 /* Debug */,
				E474701C1ADED0F400A06941 /* Release */,
			);
			defaultConfigurationIsVisible = 0;
			defaultConfigurationName = Release;
		};
		E474701D1ADED0F400A06941 /* Build configuration list for PBXNativeTarget "test91Tests" */ = {
			isa = XCConfigurationList;
			buildConfigurations = (
				E474701E1ADED0F400A06941 /* Debug */,
				E474701F1ADED0F400A06941 /* Release */,
			);
			defaultConfigurationIsVisible = 0;
			defaultConfigurationName = Release;
		};
/* End XCConfigurationList section */
	};
	rootObject = E4746FF31ADED0F400A06941 /* Project object */;
}
